// !$*UTF8*$!
{
	archiveVersion = 1;
	classes = {
	};
	objectVersion = 55;
	objects = {

/* Begin PBXBuildFile section */
		8609AB4528B28FF50030B73A /* _reation_wrappingApp.swift in Sources */ = {isa = PBXBuildFile; fileRef = 8609AB4428B28FF50030B73A /* _reation_wrappingApp.swift */; };
		8609AB4728B28FF50030B73A /* ContentView.swift in Sources */ = {isa = PBXBuildFile; fileRef = 8609AB4628B28FF50030B73A /* ContentView.swift */; };
		8609AB4928B28FF70030B73A /* Assets.xcassets in Resources */ = {isa = PBXBuildFile; fileRef = 8609AB4828B28FF70030B73A /* Assets.xcassets */; };
		8609AB4C28B28FF70030B73A /* Preview Assets.xcassets in Resources */ = {isa = PBXBuildFile; fileRef = 8609AB4B28B28FF70030B73A /* Preview Assets.xcassets */; };
		8609AB5628B28FF70030B73A /* _reation_wrappingTests.swift in Sources */ = {isa = PBXBuildFile; fileRef = 8609AB5528B28FF70030B73A /* _reation_wrappingTests.swift */; };
		8609AB6028B28FF70030B73A /* _reation_wrappingUITests.swift in Sources */ = {isa = PBXBuildFile; fileRef = 8609AB5F28B28FF70030B73A /* _reation_wrappingUITests.swift */; };
		8609AB6228B28FF70030B73A /* _reation_wrappingUITestsLaunchTests.swift in Sources */ = {isa = PBXBuildFile; fileRef = 8609AB6128B28FF70030B73A /* _reation_wrappingUITestsLaunchTests.swift */; };
/* End PBXBuildFile section */

/* Begin PBXContainerItemProxy section */
		8609AB5228B28FF70030B73A /* PBXContainerItemProxy */ = {
			isa = PBXContainerItemProxy;
			containerPortal = 8609AB3928B28FF50030B73A /* Project object */;
			proxyType = 1;
			remoteGlobalIDString = 8609AB4028B28FF50030B73A;
			remoteInfo = "Сreation wrapping";
		};
		8609AB5C28B28FF70030B73A /* PBXContainerItemProxy */ = {
			isa = PBXContainerItemProxy;
			containerPortal = 8609AB3928B28FF50030B73A /* Project object */;
			proxyType = 1;
			remoteGlobalIDString = 8609AB4028B28FF50030B73A;
			remoteInfo = "Сreation wrapping";
		};
/* End PBXContainerItemProxy section */

/* Begin PBXFileReference section */
		8609AB4128B28FF50030B73A /* Сreation wrapping.app */ = {isa = PBXFileReference; explicitFileType = wrapper.application; includeInIndex = 0; path = "Сreation wrapping.app"; sourceTree = BUILT_PRODUCTS_DIR; };
		8609AB4428B28FF50030B73A /* _reation_wrappingApp.swift */ = {isa = PBXFileReference; lastKnownFileType = sourcecode.swift; path = _reation_wrappingApp.swift; sourceTree = "<group>"; };
		8609AB4628B28FF50030B73A /* ContentView.swift */ = {isa = PBXFileReference; lastKnownFileType = sourcecode.swift; path = ContentView.swift; sourceTree = "<group>"; };
		8609AB4828B28FF70030B73A /* Assets.xcassets */ = {isa = PBXFileReference; lastKnownFileType = folder.assetcatalog; path = Assets.xcassets; sourceTree = "<group>"; };
		8609AB4B28B28FF70030B73A /* Preview Assets.xcassets */ = {isa = PBXFileReference; lastKnownFileType = folder.assetcatalog; path = "Preview Assets.xcassets"; sourceTree = "<group>"; };
		8609AB5128B28FF70030B73A /* Сreation wrappingTests.xctest */ = {isa = PBXFileReference; explicitFileType = wrapper.cfbundle; includeInIndex = 0; path = "Сreation wrappingTests.xctest"; sourceTree = BUILT_PRODUCTS_DIR; };
		8609AB5528B28FF70030B73A /* _reation_wrappingTests.swift */ = {isa = PBXFileReference; lastKnownFileType = sourcecode.swift; path = _reation_wrappingTests.swift; sourceTree = "<group>"; };
		8609AB5B28B28FF70030B73A /* Сreation wrappingUITests.xctest */ = {isa = PBXFileReference; explicitFileType = wrapper.cfbundle; includeInIndex = 0; path = "Сreation wrappingUITests.xctest"; sourceTree = BUILT_PRODUCTS_DIR; };
		8609AB5F28B28FF70030B73A /* _reation_wrappingUITests.swift */ = {isa = PBXFileReference; lastKnownFileType = sourcecode.swift; path = _reation_wrappingUITests.swift; sourceTree = "<group>"; };
		8609AB6128B28FF70030B73A /* _reation_wrappingUITestsLaunchTests.swift */ = {isa = PBXFileReference; lastKnownFileType = sourcecode.swift; path = _reation_wrappingUITestsLaunchTests.swift; sourceTree = "<group>"; };
/* End PBXFileReference section */

/* Begin PBXFrameworksBuildPhase section */
		8609AB3E28B28FF50030B73A /* Frameworks */ = {
			isa = PBXFrameworksBuildPhase;
			buildActionMask = 2147483647;
			files = (
			);
			runOnlyForDeploymentPostprocessing = 0;
		};
		8609AB4E28B28FF70030B73A /* Frameworks */ = {
			isa = PBXFrameworksBuildPhase;
			buildActionMask = 2147483647;
			files = (
			);
			runOnlyForDeploymentPostprocessing = 0;
		};
		8609AB5828B28FF70030B73A /* Frameworks */ = {
			isa = PBXFrameworksBuildPhase;
			buildActionMask = 2147483647;
			files = (
			);
			runOnlyForDeploymentPostprocessing = 0;
		};
/* End PBXFrameworksBuildPhase section */

/* Begin PBXGroup section */
		8609AB3828B28FF50030B73A = {
			isa = PBXGroup;
			children = (
				8609AB4328B28FF50030B73A /* Сreation wrapping */,
				8609AB5428B28FF70030B73A /* Сreation wrappingTests */,
				8609AB5E28B28FF70030B73A /* Сreation wrappingUITests */,
				8609AB4228B28FF50030B73A /* Products */,
			);
			sourceTree = "<group>";
		};
		8609AB4228B28FF50030B73A /* Products */ = {
			isa = PBXGroup;
			children = (
				8609AB4128B28FF50030B73A /* Сreation wrapping.app */,
				8609AB5128B28FF70030B73A /* Сreation wrappingTests.xctest */,
				8609AB5B28B28FF70030B73A /* Сreation wrappingUITests.xctest */,
			);
			name = Products;
			sourceTree = "<group>";
		};
		8609AB4328B28FF50030B73A /* Сreation wrapping */ = {
			isa = PBXGroup;
			children = (
				8609AB4428B28FF50030B73A /* _reation_wrappingApp.swift */,
				8609AB4628B28FF50030B73A /* ContentView.swift */,
				8609AB4828B28FF70030B73A /* Assets.xcassets */,
				8609AB4A28B28FF70030B73A /* Preview Content */,
			);
			path = "Сreation wrapping";
			sourceTree = "<group>";
		};
		8609AB4A28B28FF70030B73A /* Preview Content */ = {
			isa = PBXGroup;
			children = (
				8609AB4B28B28FF70030B73A /* Preview Assets.xcassets */,
			);
			path = "Preview Content";
			sourceTree = "<group>";
		};
		8609AB5428B28FF70030B73A /* Сreation wrappingTests */ = {
			isa = PBXGroup;
			children = (
				8609AB5528B28FF70030B73A /* _reation_wrappingTests.swift */,
			);
			path = "Сreation wrappingTests";
			sourceTree = "<group>";
		};
		8609AB5E28B28FF70030B73A /* Сreation wrappingUITests */ = {
			isa = PBXGroup;
			children = (
				8609AB5F28B28FF70030B73A /* _reation_wrappingUITests.swift */,
				8609AB6128B28FF70030B73A /* _reation_wrappingUITestsLaunchTests.swift */,
			);
			path = "Сreation wrappingUITests";
			sourceTree = "<group>";
		};
/* End PBXGroup section */

/* Begin PBXNativeTarget section */
		8609AB4028B28FF50030B73A /* Сreation wrapping */ = {
			isa = PBXNativeTarget;
			buildConfigurationList = 8609AB6528B28FF70030B73A /* Build configuration list for PBXNativeTarget "Сreation wrapping" */;
			buildPhases = (
				8609AB3D28B28FF50030B73A /* Sources */,
				8609AB3E28B28FF50030B73A /* Frameworks */,
				8609AB3F28B28FF50030B73A /* Resources */,
			);
			buildRules = (
			);
			dependencies = (
			);
			name = "Сreation wrapping";
			productName = "Сreation wrapping";
			productReference = 8609AB4128B28FF50030B73A /* Сreation wrapping.app */;
			productType = "com.apple.product-type.application";
		};
		8609AB5028B28FF70030B73A /* Сreation wrappingTests */ = {
			isa = PBXNativeTarget;
			buildConfigurationList = 8609AB6828B28FF70030B73A /* Build configuration list for PBXNativeTarget "Сreation wrappingTests" */;
			buildPhases = (
				8609AB4D28B28FF70030B73A /* Sources */,
				8609AB4E28B28FF70030B73A /* Frameworks */,
				8609AB4F28B28FF70030B73A /* Resources */,
			);
			buildRules = (
			);
			dependencies = (
				8609AB5328B28FF70030B73A /* PBXTargetDependency */,
			);
			name = "Сreation wrappingTests";
			productName = "Сreation wrappingTests";
			productReference = 8609AB5128B28FF70030B73A /* Сreation wrappingTests.xctest */;
			productType = "com.apple.product-type.bundle.unit-test";
		};
		8609AB5A28B28FF70030B73A /* Сreation wrappingUITests */ = {
			isa = PBXNativeTarget;
			buildConfigurationList = 8609AB6B28B28FF70030B73A /* Build configuration list for PBXNativeTarget "Сreation wrappingUITests" */;
			buildPhases = (
				8609AB5728B28FF70030B73A /* Sources */,
				8609AB5828B28FF70030B73A /* Frameworks */,
				8609AB5928B28FF70030B73A /* Resources */,
			);
			buildRules = (
			);
			dependencies = (
				8609AB5D28B28FF70030B73A /* PBXTargetDependency */,
			);
			name = "Сreation wrappingUITests";
			productName = "Сreation wrappingUITests";
			productReference = 8609AB5B28B28FF70030B73A /* Сreation wrappingUITests.xctest */;
			productType = "com.apple.product-type.bundle.ui-testing";
		};
/* End PBXNativeTarget section */

/* Begin PBXProject section */
		8609AB3928B28FF50030B73A /* Project object */ = {
			isa = PBXProject;
			attributes = {
				BuildIndependentTargetsInParallel = 1;
				LastSwiftUpdateCheck = 1340;
				LastUpgradeCheck = 1340;
				TargetAttributes = {
					8609AB4028B28FF50030B73A = {
						CreatedOnToolsVersion = 13.4.1;
					};
					8609AB5028B28FF70030B73A = {
						CreatedOnToolsVersion = 13.4.1;
						TestTargetID = 8609AB4028B28FF50030B73A;
					};
					8609AB5A28B28FF70030B73A = {
						CreatedOnToolsVersion = 13.4.1;
						TestTargetID = 8609AB4028B28FF50030B73A;
					};
				};
			};
			buildConfigurationList = 8609AB3C28B28FF50030B73A /* Build configuration list for PBXProject "Сreation wrapping" */;
			compatibilityVersion = "Xcode 13.0";
			developmentRegion = en;
			hasScannedForEncodings = 0;
			knownRegions = (
				en,
				Base,
			);
			mainGroup = 8609AB3828B28FF50030B73A;
			productRefGroup = 8609AB4228B28FF50030B73A /* Products */;
			projectDirPath = "";
			projectRoot = "";
			targets = (
				8609AB4028B28FF50030B73A /* Сreation wrapping */,
				8609AB5028B28FF70030B73A /* Сreation wrappingTests */,
				8609AB5A28B28FF70030B73A /* Сreation wrappingUITests */,
			);
		};
/* End PBXProject section */

/* Begin PBXResourcesBuildPhase section */
		8609AB3F28B28FF50030B73A /* Resources */ = {
			isa = PBXResourcesBuildPhase;
			buildActionMask = 2147483647;
			files = (
				8609AB4C28B28FF70030B73A /* Preview Assets.xcassets in Resources */,
				8609AB4928B28FF70030B73A /* Assets.xcassets in Resources */,
			);
			runOnlyForDeploymentPostprocessing = 0;
		};
		8609AB4F28B28FF70030B73A /* Resources */ = {
			isa = PBXResourcesBuildPhase;
			buildActionMask = 2147483647;
			files = (
			);
			runOnlyForDeploymentPostprocessing = 0;
		};
		8609AB5928B28FF70030B73A /* Resources */ = {
			isa = PBXResourcesBuildPhase;
			buildActionMask = 2147483647;
			files = (
			);
			runOnlyForDeploymentPostprocessing = 0;
		};
/* End PBXResourcesBuildPhase section */

/* Begin PBXSourcesBuildPhase section */
		8609AB3D28B28FF50030B73A /* Sources */ = {
			isa = PBXSourcesBuildPhase;
			buildActionMask = 2147483647;
			files = (
				8609AB4728B28FF50030B73A /* ContentView.swift in Sources */,
				8609AB4528B28FF50030B73A /* _reation_wrappingApp.swift in Sources */,
			);
			runOnlyForDeploymentPostprocessing = 0;
		};
		8609AB4D28B28FF70030B73A /* Sources */ = {
			isa = PBXSourcesBuildPhase;
			buildActionMask = 2147483647;
			files = (
				8609AB5628B28FF70030B73A /* _reation_wrappingTests.swift in Sources */,
			);
			runOnlyForDeploymentPostprocessing = 0;
		};
		8609AB5728B28FF70030B73A /* Sources */ = {
			isa = PBXSourcesBuildPhase;
			buildActionMask = 2147483647;
			files = (
				8609AB6028B28FF70030B73A /* _reation_wrappingUITests.swift in Sources */,
				8609AB6228B28FF70030B73A /* _reation_wrappingUITestsLaunchTests.swift in Sources */,
			);
			runOnlyForDeploymentPostprocessing = 0;
		};
/* End PBXSourcesBuildPhase section */

/* Begin PBXTargetDependency section */
		8609AB5328B28FF70030B73A /* PBXTargetDependency */ = {
			isa = PBXTargetDependency;
			target = 8609AB4028B28FF50030B73A /* Сreation wrapping */;
			targetProxy = 8609AB5228B28FF70030B73A /* PBXContainerItemProxy */;
		};
		8609AB5D28B28FF70030B73A /* PBXTargetDependency */ = {
			isa = PBXTargetDependency;
			target = 8609AB4028B28FF50030B73A /* Сreation wrapping */;
			targetProxy = 8609AB5C28B28FF70030B73A /* PBXContainerItemProxy */;
		};
/* End PBXTargetDependency section */

/* Begin XCBuildConfiguration section */
		8609AB6328B28FF70030B73A /* Debug */ = {
			isa = XCBuildConfiguration;
			buildSettings = {
				ALWAYS_SEARCH_USER_PATHS = NO;
				CLANG_ANALYZER_NONNULL = YES;
				CLANG_ANALYZER_NUMBER_OBJECT_CONVERSION = YES_AGGRESSIVE;
				CLANG_CXX_LANGUAGE_STANDARD = "gnu++17";
				CLANG_ENABLE_MODULES = YES;
				CLANG_ENABLE_OBJC_ARC = YES;
				CLANG_ENABLE_OBJC_WEAK = YES;
				CLANG_WARN_BLOCK_CAPTURE_AUTORELEASING = YES;
				CLANG_WARN_BOOL_CONVERSION = YES;
				CLANG_WARN_COMMA = YES;
				CLANG_WARN_CONSTANT_CONVERSION = YES;
				CLANG_WARN_DEPRECATED_OBJC_IMPLEMENTATIONS = YES;
				CLANG_WARN_DIRECT_OBJC_ISA_USAGE = YES_ERROR;
				CLANG_WARN_DOCUMENTATION_COMMENTS = YES;
				CLANG_WARN_EMPTY_BODY = YES;
				CLANG_WARN_ENUM_CONVERSION = YES;
				CLANG_WARN_INFINITE_RECURSION = YES;
				CLANG_WARN_INT_CONVERSION = YES;
				CLANG_WARN_NON_LITERAL_NULL_CONVERSION = YES;
				CLANG_WARN_OBJC_IMPLICIT_RETAIN_SELF = YES;
				CLANG_WARN_OBJC_LITERAL_CONVERSION = YES;
				CLANG_WARN_OBJC_ROOT_CLASS = YES_ERROR;
				CLANG_WARN_QUOTED_INCLUDE_IN_FRAMEWORK_HEADER = YES;
				CLANG_WARN_RANGE_LOOP_ANALYSIS = YES;
				CLANG_WARN_STRICT_PROTOTYPES = YES;
				CLANG_WARN_SUSPICIOUS_MOVE = YES;
				CLANG_WARN_UNGUARDED_AVAILABILITY = YES_AGGRESSIVE;
				CLANG_WARN_UNREACHABLE_CODE = YES;
				CLANG_WARN__DUPLICATE_METHOD_MATCH = YES;
				COPY_PHASE_STRIP = NO;
				DEBUG_INFORMATION_FORMAT = dwarf;
				ENABLE_STRICT_OBJC_MSGSEND = YES;
				ENABLE_TESTABILITY = YES;
				GCC_C_LANGUAGE_STANDARD = gnu11;
				GCC_DYNAMIC_NO_PIC = NO;
				GCC_NO_COMMON_BLOCKS = YES;
				GCC_OPTIMIZATION_LEVEL = 0;
				GCC_PREPROCESSOR_DEFINITIONS = (
					"DEBUG=1",
					"$(inherited)",
				);
				GCC_WARN_64_TO_32_BIT_CONVERSION = YES;
				GCC_WARN_ABOUT_RETURN_TYPE = YES_ERROR;
				GCC_WARN_UNDECLARED_SELECTOR = YES;
				GCC_WARN_UNINITIALIZED_AUTOS = YES_AGGRESSIVE;
				GCC_WARN_UNUSED_FUNCTION = YES;
				GCC_WARN_UNUSED_VARIABLE = YES;
				IPHONEOS_DEPLOYMENT_TARGET = 15.5;
				MTL_ENABLE_DEBUG_INFO = INCLUDE_SOURCE;
				MTL_FAST_MATH = YES;
				ONLY_ACTIVE_ARCH = YES;
				SDKROOT = iphoneos;
				SWIFT_ACTIVE_COMPILATION_CONDITIONS = DEBUG;
				SWIFT_OPTIMIZATION_LEVEL = "-Onone";
			};
			name = Debug;
		};
		8609AB6428B28FF70030B73A /* Release */ = {
			isa = XCBuildConfiguration;
			buildSettings = {
				ALWAYS_SEARCH_USER_PATHS = NO;
				CLANG_ANALYZER_NONNULL = YES;
				CLANG_ANALYZER_NUMBER_OBJECT_CONVERSION = YES_AGGRESSIVE;
				CLANG_CXX_LANGUAGE_STANDARD = "gnu++17";
				CLANG_ENABLE_MODULES = YES;
				CLANG_ENABLE_OBJC_ARC = YES;
				CLANG_ENABLE_OBJC_WEAK = YES;
				CLANG_WARN_BLOCK_CAPTURE_AUTORELEASING = YES;
				CLANG_WARN_BOOL_CONVERSION = YES;
				CLANG_WARN_COMMA = YES;
				CLANG_WARN_CONSTANT_CONVERSION = YES;
				CLANG_WARN_DEPRECATED_OBJC_IMPLEMENTATIONS = YES;
				CLANG_WARN_DIRECT_OBJC_ISA_USAGE = YES_ERROR;
				CLANG_WARN_DOCUMENTATION_COMMENTS = YES;
				CLANG_WARN_EMPTY_BODY = YES;
				CLANG_WARN_ENUM_CONVERSION = YES;
				CLANG_WARN_INFINITE_RECURSION = YES;
				CLANG_WARN_INT_CONVERSION = YES;
				CLANG_WARN_NON_LITERAL_NULL_CONVERSION = YES;
				CLANG_WARN_OBJC_IMPLICIT_RETAIN_SELF = YES;
				CLANG_WARN_OBJC_LITERAL_CONVERSION = YES;
				CLANG_WARN_OBJC_ROOT_CLASS = YES_ERROR;
				CLANG_WARN_QUOTED_INCLUDE_IN_FRAMEWORK_HEADER = YES;
				CLANG_WARN_RANGE_LOOP_ANALYSIS = YES;
				CLANG_WARN_STRICT_PROTOTYPES = YES;
				CLANG_WARN_SUSPICIOUS_MOVE = YES;
				CLANG_WARN_UNGUARDED_AVAILABILITY = YES_AGGRESSIVE;
				CLANG_WARN_UNREACHABLE_CODE = YES;
				CLANG_WARN__DUPLICATE_METHOD_MATCH = YES;
				COPY_PHASE_STRIP = NO;
				DEBUG_INFORMATION_FORMAT = "dwarf-with-dsym";
				ENABLE_NS_ASSERTIONS = NO;
				ENABLE_STRICT_OBJC_MSGSEND = YES;
				GCC_C_LANGUAGE_STANDARD = gnu11;
				GCC_NO_COMMON_BLOCKS = YES;
				GCC_WARN_64_TO_32_BIT_CONVERSION = YES;
				GCC_WARN_ABOUT_RETURN_TYPE = YES_ERROR;
				GCC_WARN_UNDECLARED_SELECTOR = YES;
				GCC_WARN_UNINITIALIZED_AUTOS = YES_AGGRESSIVE;
				GCC_WARN_UNUSED_FUNCTION = YES;
				GCC_WARN_UNUSED_VARIABLE = YES;
				IPHONEOS_DEPLOYMENT_TARGET = 15.5;
				MTL_ENABLE_DEBUG_INFO = NO;
				MTL_FAST_MATH = YES;
				SDKROOT = iphoneos;
				SWIFT_COMPILATION_MODE = wholemodule;
				SWIFT_OPTIMIZATION_LEVEL = "-O";
				VALIDATE_PRODUCT = YES;
			};
			name = Release;
		};
		8609AB6628B28FF70030B73A /* Debug */ = {
			isa = XCBuildConfiguration;
			buildSettings = {
				ASSETCATALOG_COMPILER_APPICON_NAME = AppIcon;
				ASSETCATALOG_COMPILER_GLOBAL_ACCENT_COLOR_NAME = AccentColor;
				CODE_SIGN_STYLE = Automatic;
				CURRENT_PROJECT_VERSION = 1;
				DEVELOPMENT_ASSET_PATHS = "\"Сreation wrapping/Preview Content\"";
				DEVELOPMENT_TEAM = 7RQ87S3853;
				ENABLE_PREVIEWS = YES;
				GENERATE_INFOPLIST_FILE = YES;
				INFOPLIST_KEY_UIApplicationSceneManifest_Generation = YES;
				INFOPLIST_KEY_UIApplicationSupportsIndirectInputEvents = YES;
				INFOPLIST_KEY_UILaunchScreen_Generation = YES;
				INFOPLIST_KEY_UISupportedInterfaceOrientations_iPad = "UIInterfaceOrientationPortrait UIInterfaceOrientationPortraitUpsideDown UIInterfaceOrientationLandscapeLeft UIInterfaceOrientationLandscapeRight";
				INFOPLIST_KEY_UISupportedInterfaceOrientations_iPhone = "UIInterfaceOrientationPortrait UIInterfaceOrientationLandscapeLeft UIInterfaceOrientationLandscapeRight";
				LD_RUNPATH_SEARCH_PATHS = (
					"$(inherited)",
					"@executable_path/Frameworks",
				);
				MARKETING_VERSION = 1.0;
				PRODUCT_BUNDLE_IDENTIFIER = "KH-Technology.-reation-wrapping";
				PRODUCT_NAME = "$(TARGET_NAME)";
				SWIFT_EMIT_LOC_STRINGS = YES;
				SWIFT_VERSION = 5.0;
				TARGETED_DEVICE_FAMILY = "1,2";
			};
			name = Debug;
		};
		8609AB6728B28FF70030B73A /* Release */ = {
			isa = XCBuildConfiguration;
			buildSettings = {
				ASSETCATALOG_COMPILER_APPICON_NAME = AppIcon;
				ASSETCATALOG_COMPILER_GLOBAL_ACCENT_COLOR_NAME = AccentColor;
				CODE_SIGN_STYLE = Automatic;
				CURRENT_PROJECT_VERSION = 1;
				DEVELOPMENT_ASSET_PATHS = "\"Сreation wrapping/Preview Content\"";
				DEVELOPMENT_TEAM = 7RQ87S3853;
				ENABLE_PREVIEWS = YES;
				GENERATE_INFOPLIST_FILE = YES;
				INFOPLIST_KEY_UIApplicationSceneManifest_Generation = YES;
				INFOPLIST_KEY_UIApplicationSupportsIndirectInputEvents = YES;
				INFOPLIST_KEY_UILaunchScreen_Generation = YES;
				INFOPLIST_KEY_UISupportedInterfaceOrientations_iPad = "UIInterfaceOrientationPortrait UIInterfaceOrientationPortraitUpsideDown UIInterfaceOrientationLandscapeLeft UIInterfaceOrientationLandscapeRight";
				INFOPLIST_KEY_UISupportedInterfaceOrientations_iPhone = "UIInterfaceOrientationPortrait UIInterfaceOrientationLandscapeLeft UIInterfaceOrientationLandscapeRight";
				LD_RUNPATH_SEARCH_PATHS = (
					"$(inherited)",
					"@executable_path/Frameworks",
				);
				MARKETING_VERSION = 1.0;
				PRODUCT_BUNDLE_IDENTIFIER = "KH-Technology.-reation-wrapping";
				PRODUCT_NAME = "$(TARGET_NAME)";
				SWIFT_EMIT_LOC_STRINGS = YES;
				SWIFT_VERSION = 5.0;
				TARGETED_DEVICE_FAMILY = "1,2";
			};
			name = Release;
		};
		8609AB6928B28FF70030B73A /* Debug */ = {
			isa = XCBuildConfiguration;
			buildSettings = {
				ALWAYS_EMBED_SWIFT_STANDARD_LIBRARIES = YES;
				BUNDLE_LOADER = "$(TEST_HOST)";
				CODE_SIGN_STYLE = Automatic;
				CURRENT_PROJECT_VERSION = 1;
				DEVELOPMENT_TEAM = 7RQ87S3853;
				GENERATE_INFOPLIST_FILE = YES;
				IPHONEOS_DEPLOYMENT_TARGET = 15.5;
				MARKETING_VERSION = 1.0;
				PRODUCT_BUNDLE_IDENTIFIER = "KH-Technology.-reation-wrappingTests";
				PRODUCT_NAME = "$(TARGET_NAME)";
				SWIFT_EMIT_LOC_STRINGS = NO;
				SWIFT_VERSION = 5.0;
				TARGETED_DEVICE_FAMILY = "1,2";
				TEST_HOST = "$(BUILT_PRODUCTS_DIR)/Сreation wrapping.app/Сreation wrapping";
			};
			name = Debug;
		};
		8609AB6A28B28FF70030B73A /* Release */ = {
			isa = XCBuildConfiguration;
			buildSettings = {
				ALWAYS_EMBED_SWIFT_STANDARD_LIBRARIES = YES;
				BUNDLE_LOADER = "$(TEST_HOST)";
				CODE_SIGN_STYLE = Automatic;
				CURRENT_PROJECT_VERSION = 1;
				DEVELOPMENT_TEAM = 7RQ87S3853;
				GENERATE_INFOPLIST_FILE = YES;
				IPHONEOS_DEPLOYMENT_TARGET = 15.5;
				MARKETING_VERSION = 1.0;
				PRODUCT_BUNDLE_IDENTIFIER = "KH-Technology.-reation-wrappingTests";
				PRODUCT_NAME = "$(TARGET_NAME)";
				SWIFT_EMIT_LOC_STRINGS = NO;
				SWIFT_VERSION = 5.0;
				TARGETED_DEVICE_FAMILY = "1,2";
				TEST_HOST = "$(BUILT_PRODUCTS_DIR)/Сreation wrapping.app/Сreation wrapping";
			};
			name = Release;
		};
		8609AB6C28B28FF70030B73A /* Debug */ = {
			isa = XCBuildConfiguration;
			buildSettings = {
				ALWAYS_EMBED_SWIFT_STANDARD_LIBRARIES = YES;
				CODE_SIGN_STYLE = Automatic;
				CURRENT_PROJECT_VERSION = 1;
				DEVELOPMENT_TEAM = 7RQ87S3853;
				GENERATE_INFOPLIST_FILE = YES;
				MARKETING_VERSION = 1.0;
				PRODUCT_BUNDLE_IDENTIFIER = "KH-Technology.-reation-wrappingUITests";
				PRODUCT_NAME = "$(TARGET_NAME)";
				SWIFT_EMIT_LOC_STRINGS = NO;
				SWIFT_VERSION = 5.0;
				TARGETED_DEVICE_FAMILY = "1,2";
				TEST_TARGET_NAME = "Сreation wrapping";
			};
			name = Debug;
		};
		8609AB6D28B28FF70030B73A /* Release */ = {
			isa = XCBuildConfiguration;
			buildSettings = {
				ALWAYS_EMBED_SWIFT_STANDARD_LIBRARIES = YES;
				CODE_SIGN_STYLE = Automatic;
				CURRENT_PROJECT_VERSION = 1;
				DEVELOPMENT_TEAM = 7RQ87S3853;
				GENERATE_INFOPLIST_FILE = YES;
				MARKETING_VERSION = 1.0;
				PRODUCT_BUNDLE_IDENTIFIER = "KH-Technology.-reation-wrappingUITests";
				PRODUCT_NAME = "$(TARGET_NAME)";
				SWIFT_EMIT_LOC_STRINGS = NO;
				SWIFT_VERSION = 5.0;
				TARGETED_DEVICE_FAMILY = "1,2";
				TEST_TARGET_NAME = "Сreation wrapping";
			};
			name = Release;
		};
/* End XCBuildConfiguration section */

/* Begin XCConfigurationList section */
		8609AB3C28B28FF50030B73A /* Build configuration list for PBXProject "Сreation wrapping" */ = {
			isa = XCConfigurationList;
			buildConfigurations = (
				8609AB6328B28FF70030B73A /* Debug */,
				8609AB6428B28FF70030B73A /* Release */,
			);
			defaultConfigurationIsVisible = 0;
			defaultConfigurationName = Release;
		};
		8609AB6528B28FF70030B73A /* Build configuration list for PBXNativeTarget "Сreation wrapping" */ = {
			isa = XCConfigurationList;
			buildConfigurations = (
				8609AB6628B28FF70030B73A /* Debug */,
				8609AB6728B28FF70030B73A /* Release */,
			);
			defaultConfigurationIsVisible = 0;
			defaultConfigurationName = Release;
		};
		8609AB6828B28FF70030B73A /* Build configuration list for PBXNativeTarget "Сreation wrappingTests" */ = {
			isa = XCConfigurationList;
			buildConfigurations = (
				8609AB6928B28FF70030B73A /* Debug */,
				8609AB6A28B28FF70030B73A /* Release */,
			);
			defaultConfigurationIsVisible = 0;
			defaultConfigurationName = Release;
		};
		8609AB6B28B28FF70030B73A /* Build configuration list for PBXNativeTarget "Сreation wrappingUITests" */ = {
			isa = XCConfigurationList;
			buildConfigurations = (
				8609AB6C28B28FF70030B73A /* Debug */,
				8609AB6D28B28FF70030B73A /* Release */,
			);
			defaultConfigurationIsVisible = 0;
			defaultConfigurationName = Release;
		};
/* End XCConfigurationList section */
	};
	rootObject = 8609AB3928B28FF50030B73A /* Project object */;
}
